github.com/mattn/go-sqlite3 v1.14.6 h1:dNPt6NO46WmLVt2DLNpwczCmdV5boIZ6g/tlDrlRUbg=
github.com/mattn/go-sqlite3 v1.14.6/go.mod h1:NyWgC/yNuGj7Q9rpYnZvas74GogHl5/Z4A/KQRfk6bU=
github.com/meinside/loggly-go v0.1.8 h1:S2tZ/xihGvW77y1DJP5RhtzbJW/fg/1xb4T1YNeBu18=
github.com/meinside/loggly-go v0.1.8/go.mod h1:PZPbV/jxZBRU1hFv/8uo+Hus3p1PZe8ny85vPsCxUSs=
github.com/meinside/telegram-bot-go v0.4.1 h1:ZAJa70pWA2Nz6mL+5H2vvWIZ9Ervyaig8Jsa/ogwCNk=
github.com/meinside/telegram-bot-go v0.4.1/go.mod h1:LCLyn3Josqrgyy/G2gGXC3QxI8t4FvqUqMOgPGoI3VY=
